
Microsoft Visual Studio Solution File, Format Version 12.00
# Visual Studio Version 16
VisualStudioVersion = 16.0.31624.102
MinimumVisualStudioVersion = 10.0.40219.1
Project("{FAE04EC0-301F-11D3-BF4B-00C04F79EFBC}") = "Desafio clase 13", "Desafio clase 13\Desafio clase 13.csproj", "{8CC6C967-A0A5-48D7-A606-555393E44FEA}"
EndProject
Global
	GlobalSection(SolutionConfigurationPlatforms) = preSolution
		Debug|Any CPU = Debug|Any CPU
		Release|Any CPU = Release|Any CPU
	EndGlobalSection
	GlobalSection(ProjectConfigurationPlatforms) = postSolution
		{8CC6C967-A0A5-48D7-A606-555393E44FEA}.Debug|Any CPU.ActiveCfg = Debug|Any CPU
		{8CC6C967-A0A5-48D7-A606-555393E44FEA}.Debug|Any CPU.Build.0 = Debug|Any CPU
		{8CC6C967-A0A5-48D7-A606-555393E44FEA}.Release|Any CPU.ActiveCfg = Release|Any CPU
		{8CC6C967-A0A5-48D7-A606-555393E44FEA}.Release|Any CPU.Build.0 = Release|Any CPU
	EndGlobalSection
	GlobalSection(SolutionProperties) = preSolution
		HideSolutionNode = FALSE
	EndGlobalSection
	GlobalSection(ExtensibilityGlobals) = postSolution
		SolutionGuid = {756E3652-8D6E-44BC-9BC2-337A9606506B}
	EndGlobalSection
EndGlobal
